{
  "name": "travel",
  "lockfileVersion": 2,
  "requires": true,
  "packages": {
    "": {
      "dependencies": {
        "leaflet-arrowheads": "^1.4.0"
      }
    },
    "node_modules/leaflet": {
      "version": "1.9.4",
      "resolved": "https://registry.npmjs.org/leaflet/-/leaflet-1.9.4.tgz",
      "integrity": "sha512-nxS1ynzJOmOlHp+iL3FyWqK89GtNL8U8rvlMOsQdTTssxZwCXh8N2NB3GDQOL+YR3XnWyZAxwQixURb+FA74PA=="
    },
    "node_modules/leaflet-arrowheads": {
      "version": "1.4.0",
      "resolved": "https://registry.npmjs.org/leaflet-arrowheads/-/leaflet-arrowheads-1.4.0.tgz",
      "integrity": "sha512-aIjsmoWe1VJXaGOpKpS6E8EzN2vpx3GGCNP/FxQteLVzAg5xMID7elf9hj/1CWLJo8FuGRjSvKkUQDj7mocrYA==",
      "dependencies": {
        "leaflet": "^1.7.1",
        "leaflet-geometryutil": "^0.10.0"
      }
    },
    "node_modules/leaflet-geometryutil": {
      "version": "0.10.3",
      "resolved": "https://registry.npmjs.org/leaflet-geometryutil/-/leaflet-geometryutil-0.10.3.tgz",
      "integrity": "sha512-Qeas+KsnenE0Km/ydt8km3AqFe7kJhVwuLdbCYM2xe2epsxv5UFEaVJiagvP9fnxS8QvBNbm7DJlDA0tkKo9VA==",
      "dependencies": {
        "leaflet": "^1.6.0"
      }
    }
  },
  "dependencies": {
    "leaflet": {
      "version": "1.9.4",
      "resolved": "https://registry.npmjs.org/leaflet/-/leaflet-1.9.4.tgz",
      "integrity": "sha512-nxS1ynzJOmOlHp+iL3FyWqK89GtNL8U8rvlMOsQdTTssxZwCXh8N2NB3GDQOL+YR3XnWyZAxwQixURb+FA74PA=="
    },
    "leaflet-arrowheads": {
      "version": "1.4.0",
      "resolved": "https://registry.npmjs.org/leaflet-arrowheads/-/leaflet-arrowheads-1.4.0.tgz",
      "integrity": "sha512-aIjsmoWe1VJXaGOpKpS6E8EzN2vpx3GGCNP/FxQteLVzAg5xMID7elf9hj/1CWLJo8FuGRjSvKkUQDj7mocrYA==",
      "requires": {
        "leaflet": "^1.7.1",
        "leaflet-geometryutil": "^0.10.0"
      }
    },
    "leaflet-geometryutil": {
      "version": "0.10.3",
      "resolved": "https://registry.npmjs.org/leaflet-geometryutil/-/leaflet-geometryutil-0.10.3.tgz",
      "integrity": "sha512-Qeas+KsnenE0Km/ydt8km3AqFe7kJhVwuLdbCYM2xe2epsxv5UFEaVJiagvP9fnxS8QvBNbm7DJlDA0tkKo9VA==",
      "requires": {
        "leaflet": "^1.6.0"
      }
    }
  }
}
